
Microsoft Visual Studio Solution File, Format Version 12.00
# Visual Studio Version 17
VisualStudioVersion = 17.9.34728.123
MinimumVisualStudioVersion = 10.0.40219.1
Project("{FAE04EC0-301F-11D3-BF4B-00C04F79EFBC}") = "GetDirectoryInfo", "GetDirectoryInfo.csproj", "{B4A15B2D-E49F-4571-9FCF-ED4648DF34DB}"
EndProject
Global
	GlobalSection(SolutionConfigurationPlatforms) = preSolution
		Debug|Any CPU = Debug|Any CPU
		Release|Any CPU = Release|Any CPU
	EndGlobalSection
	GlobalSection(ProjectConfigurationPlatforms) = postSolution
		{B4A15B2D-E49F-4571-9FCF-ED4648DF34DB}.Debug|Any CPU.ActiveCfg = Debug|Any CPU
		{B4A15B2D-E49F-4571-9FCF-ED4648DF34DB}.Debug|Any CPU.Build.0 = Debug|Any CPU
		{B4A15B2D-E49F-4571-9FCF-ED4648DF34DB}.Release|Any CPU.ActiveCfg = Release|Any CPU
		{B4A15B2D-E49F-4571-9FCF-ED4648DF34DB}.Release|Any CPU.Build.0 = Release|Any CPU
	EndGlobalSection
	GlobalSection(SolutionProperties) = preSolution
		HideSolutionNode = FALSE
	EndGlobalSection
	GlobalSection(ExtensibilityGlobals) = postSolution
		SolutionGuid = {A5C47F6E-EAAA-4A74-B525-C63F5145D5CC}
	EndGlobalSection
EndGlobal
