
Microsoft Visual Studio Solution File, Format Version 12.00
# Visual Studio Version 17
VisualStudioVersion = 17.9.34728.123
MinimumVisualStudioVersion = 10.0.40219.1
Project("{FAE04EC0-301F-11D3-BF4B-00C04F79EFBC}") = "Fibonacci", "Fibonacci.csproj", "{F3F0250F-ED8B-40F0-A7EC-06A79C4D086A}"
EndProject
Global
	GlobalSection(SolutionConfigurationPlatforms) = preSolution
		Debug|Any CPU = Debug|Any CPU
		Release|Any CPU = Release|Any CPU
	EndGlobalSection
	GlobalSection(ProjectConfigurationPlatforms) = postSolution
		{F3F0250F-ED8B-40F0-A7EC-06A79C4D086A}.Debug|Any CPU.ActiveCfg = Debug|Any CPU
		{F3F0250F-ED8B-40F0-A7EC-06A79C4D086A}.Debug|Any CPU.Build.0 = Debug|Any CPU
		{F3F0250F-ED8B-40F0-A7EC-06A79C4D086A}.Release|Any CPU.ActiveCfg = Release|Any CPU
		{F3F0250F-ED8B-40F0-A7EC-06A79C4D086A}.Release|Any CPU.Build.0 = Release|Any CPU
	EndGlobalSection
	GlobalSection(SolutionProperties) = preSolution
		HideSolutionNode = FALSE
	EndGlobalSection
	GlobalSection(ExtensibilityGlobals) = postSolution
		SolutionGuid = {6A378438-B454-4F11-A52E-6A92D680F66E}
	EndGlobalSection
EndGlobal
